
Microsoft Visual Studio Solution File, Format Version 12.00
# Visual Studio 2017
Project("{FAE04EC0-301F-11D3-BF4B-00C04F79EFBC}") = "Spectate-able Project", "Spectate-able Project.csproj", "{36C5FF64-B052-543A-D852-BDCC7A5799EE}"
EndProject
Global
	GlobalSection(SolutionConfigurationPlatforms) = preSolution
		Debug|Any CPU = Debug|Any CPU
		Release|Any CPU = Release|Any CPU
	EndGlobalSection
	GlobalSection(ProjectConfigurationPlatforms) = postSolution
		{36C5FF64-B052-543A-D852-BDCC7A5799EE}.Debug|Any CPU.ActiveCfg = Debug|Any CPU
		{36C5FF64-B052-543A-D852-BDCC7A5799EE}.Debug|Any CPU.Build.0 = Debug|Any CPU
		{36C5FF64-B052-543A-D852-BDCC7A5799EE}.Release|Any CPU.ActiveCfg = Release|Any CPU
		{36C5FF64-B052-543A-D852-BDCC7A5799EE}.Release|Any CPU.Build.0 = Release|Any CPU
	EndGlobalSection
	GlobalSection(SolutionProperties) = preSolution
		HideSolutionNode = FALSE
	EndGlobalSection
EndGlobal
